
Microsoft Visual Studio Solution File, Format Version 12.00
# Visual Studio 15
VisualStudioVersion = 15.0.28307.329
MinimumVisualStudioVersion = 10.0.40219.1
Project("{9A19103F-16F7-4668-BE54-9A1E7A4F7556}") = "apiWebApplication1", "apiWebApplication1\apiWebApplication1.csproj", "{7F038DA8-6B49-4CB2-9E67-EB928C53E601}"
EndProject
Project("{9A19103F-16F7-4668-BE54-9A1E7A4F7556}") = "Service", "Service\Service.csproj", "{CD1BF362-484E-4339-A72B-C1D372BA5B90}"
EndProject
Project("{9A19103F-16F7-4668-BE54-9A1E7A4F7556}") = "Model", "Model\Model.csproj", "{8DAF213B-D19D-4FC9-9EA9-F873FFAE2502}"
EndProject
Project("{9A19103F-16F7-4668-BE54-9A1E7A4F7556}") = "Persistences", "Persistences\Persistences.csproj", "{999011CA-EB74-4B38-9A85-FFBF2047C437}"
EndProject
Project("{FAE04EC0-301F-11D3-BF4B-00C04F79EFBC}") = "Swaggerr", "Swaggerr\Swaggerr.csproj", "{25D26017-1651-440D-A1D4-DF3D3090D1C2}"
EndProject
Global
	GlobalSection(SolutionConfigurationPlatforms) = preSolution
		Debug|Any CPU = Debug|Any CPU
		Release|Any CPU = Release|Any CPU
	EndGlobalSection
	GlobalSection(ProjectConfigurationPlatforms) = postSolution
		{7F038DA8-6B49-4CB2-9E67-EB928C53E601}.Debug|Any CPU.ActiveCfg = Debug|Any CPU
		{7F038DA8-6B49-4CB2-9E67-EB928C53E601}.Debug|Any CPU.Build.0 = Debug|Any CPU
		{7F038DA8-6B49-4CB2-9E67-EB928C53E601}.Release|Any CPU.ActiveCfg = Release|Any CPU
		{7F038DA8-6B49-4CB2-9E67-EB928C53E601}.Release|Any CPU.Build.0 = Release|Any CPU
		{CD1BF362-484E-4339-A72B-C1D372BA5B90}.Debug|Any CPU.ActiveCfg = Debug|Any CPU
		{CD1BF362-484E-4339-A72B-C1D372BA5B90}.Debug|Any CPU.Build.0 = Debug|Any CPU
		{CD1BF362-484E-4339-A72B-C1D372BA5B90}.Release|Any CPU.ActiveCfg = Release|Any CPU
		{CD1BF362-484E-4339-A72B-C1D372BA5B90}.Release|Any CPU.Build.0 = Release|Any CPU
		{8DAF213B-D19D-4FC9-9EA9-F873FFAE2502}.Debug|Any CPU.ActiveCfg = Debug|Any CPU
		{8DAF213B-D19D-4FC9-9EA9-F873FFAE2502}.Debug|Any CPU.Build.0 = Debug|Any CPU
		{8DAF213B-D19D-4FC9-9EA9-F873FFAE2502}.Release|Any CPU.ActiveCfg = Release|Any CPU
		{8DAF213B-D19D-4FC9-9EA9-F873FFAE2502}.Release|Any CPU.Build.0 = Release|Any CPU
		{999011CA-EB74-4B38-9A85-FFBF2047C437}.Debug|Any CPU.ActiveCfg = Debug|Any CPU
		{999011CA-EB74-4B38-9A85-FFBF2047C437}.Debug|Any CPU.Build.0 = Debug|Any CPU
		{999011CA-EB74-4B38-9A85-FFBF2047C437}.Release|Any CPU.ActiveCfg = Release|Any CPU
		{999011CA-EB74-4B38-9A85-FFBF2047C437}.Release|Any CPU.Build.0 = Release|Any CPU
		{25D26017-1651-440D-A1D4-DF3D3090D1C2}.Debug|Any CPU.ActiveCfg = Debug|Any CPU
		{25D26017-1651-440D-A1D4-DF3D3090D1C2}.Debug|Any CPU.Build.0 = Debug|Any CPU
		{25D26017-1651-440D-A1D4-DF3D3090D1C2}.Release|Any CPU.ActiveCfg = Release|Any CPU
		{25D26017-1651-440D-A1D4-DF3D3090D1C2}.Release|Any CPU.Build.0 = Release|Any CPU
	EndGlobalSection
	GlobalSection(SolutionProperties) = preSolution
		HideSolutionNode = FALSE
	EndGlobalSection
	GlobalSection(ExtensibilityGlobals) = postSolution
		SolutionGuid = {D7316A28-6BB5-47EC-AEE8-F08EF4E29A12}
	EndGlobalSection
EndGlobal
